
Microsoft Visual Studio Solution File, Format Version 12.00
# Visual Studio Version 17
VisualStudioVersion = 17.6.33801.468
MinimumVisualStudioVersion = 10.0.40219.1
Project("{9A19103F-16F7-4668-BE54-9A1E7A4F7556}") = "Common", "Common\Common.csproj", "{B9E37E9B-A929-4DB6-929D-89C0A0F523EB}"
EndProject
Project("{FAE04EC0-301F-11D3-BF4B-00C04F79EFBC}") = "Api", "Api\Api.csproj", "{B6894E53-3787-4935-9437-134FFCC531BD}"
EndProject
Project("{FAE04EC0-301F-11D3-BF4B-00C04F79EFBC}") = "Mock.Api", "Mock.Api\Mock.Api.csproj", "{C7BFD61F-363A-4614-8C6E-A20B443C4CA9}"
EndProject
Global
	GlobalSection(SolutionConfigurationPlatforms) = preSolution
		Debug|Any CPU = Debug|Any CPU
		Release|Any CPU = Release|Any CPU
	EndGlobalSection
	GlobalSection(ProjectConfigurationPlatforms) = postSolution
		{B9E37E9B-A929-4DB6-929D-89C0A0F523EB}.Debug|Any CPU.ActiveCfg = Debug|Any CPU
		{B9E37E9B-A929-4DB6-929D-89C0A0F523EB}.Debug|Any CPU.Build.0 = Debug|Any CPU
		{B9E37E9B-A929-4DB6-929D-89C0A0F523EB}.Release|Any CPU.ActiveCfg = Release|Any CPU
		{B9E37E9B-A929-4DB6-929D-89C0A0F523EB}.Release|Any CPU.Build.0 = Release|Any CPU
		{B6894E53-3787-4935-9437-134FFCC531BD}.Debug|Any CPU.ActiveCfg = Debug|Any CPU
		{B6894E53-3787-4935-9437-134FFCC531BD}.Debug|Any CPU.Build.0 = Debug|Any CPU
		{B6894E53-3787-4935-9437-134FFCC531BD}.Release|Any CPU.ActiveCfg = Release|Any CPU
		{B6894E53-3787-4935-9437-134FFCC531BD}.Release|Any CPU.Build.0 = Release|Any CPU
		{C7BFD61F-363A-4614-8C6E-A20B443C4CA9}.Debug|Any CPU.ActiveCfg = Debug|Any CPU
		{C7BFD61F-363A-4614-8C6E-A20B443C4CA9}.Debug|Any CPU.Build.0 = Debug|Any CPU
		{C7BFD61F-363A-4614-8C6E-A20B443C4CA9}.Release|Any CPU.ActiveCfg = Release|Any CPU
		{C7BFD61F-363A-4614-8C6E-A20B443C4CA9}.Release|Any CPU.Build.0 = Release|Any CPU
	EndGlobalSection
	GlobalSection(SolutionProperties) = preSolution
		HideSolutionNode = FALSE
	EndGlobalSection
	GlobalSection(ExtensibilityGlobals) = postSolution
		SolutionGuid = {D76738D8-05CF-451B-955C-735CBB50139C}
	EndGlobalSection
EndGlobal
